
Microsoft Visual Studio Solution File, Format Version 12.00
# Visual Studio Version 16
VisualStudioVersion = 16.0.28803.352
MinimumVisualStudioVersion = 10.0.40219.1
Project("{FAE04EC0-301F-11D3-BF4B-00C04F79EFBC}") = "AirportSimulation", "AirportSimulation.csproj", "{2463BA96-763E-45A6-912C-41EB258C87BA}"
EndProject
Global
	GlobalSection(SolutionConfigurationPlatforms) = preSolution
		Debug|Any CPU = Debug|Any CPU
		Release|Any CPU = Release|Any CPU
	EndGlobalSection
	GlobalSection(ProjectConfigurationPlatforms) = postSolution
		{2463BA96-763E-45A6-912C-41EB258C87BA}.Debug|Any CPU.ActiveCfg = Debug|Any CPU
		{2463BA96-763E-45A6-912C-41EB258C87BA}.Debug|Any CPU.Build.0 = Debug|Any CPU
		{2463BA96-763E-45A6-912C-41EB258C87BA}.Release|Any CPU.ActiveCfg = Release|Any CPU
		{2463BA96-763E-45A6-912C-41EB258C87BA}.Release|Any CPU.Build.0 = Release|Any CPU
	EndGlobalSection
	GlobalSection(SolutionProperties) = preSolution
		HideSolutionNode = FALSE
	EndGlobalSection
	GlobalSection(ExtensibilityGlobals) = postSolution
		SolutionGuid = {9F9BB80D-A65D-4B13-A07F-02998D866965}
	EndGlobalSection
EndGlobal
